# This is a Gradle generated file for dependency locking.
# Manual edits can break the build and are not advised.
# This file is expected to be part of source control.
au.com.dius.pact.core:matchers:4.2.16=testCompileClasspath,testRuntimeClasspath
au.com.dius.pact.core:model:4.2.16=testCompileClasspath,testRuntimeClasspath
au.com.dius.pact.core:pactbroker:4.2.16=testCompileClasspath,testRuntimeClasspath
au.com.dius.pact.core:support:4.2.16=testCompileClasspath,testRuntimeClasspath
au.com.dius.pact.provider:junit5:4.2.16=testCompileClasspath,testRuntimeClasspath
au.com.dius.pact.provider:junit5spring:4.2.16=testCompileClasspath,testRuntimeClasspath
au.com.dius.pact:provider:4.2.16=testCompileClasspath,testRuntimeClasspath
com.github.ajalt:colormath:1.2.0=testRuntimeClasspath
com.github.ajalt:mordant:1.2.1=testRuntimeClasspath
com.github.mifmif:generex:1.0.2=testRuntimeClasspath
com.google.code.findbugs:jsr305:3.0.2=testCompileClasspath,testRuntimeClasspath
com.google.errorprone:error_prone_annotations:2.3.4=testCompileClasspath,testRuntimeClasspath
com.google.guava:failureaccess:1.0.1=testCompileClasspath,testRuntimeClasspath
com.google.guava:guava:30.1-jre=testCompileClasspath,testRuntimeClasspath
com.google.guava:listenablefuture:9999.0-empty-to-avoid-conflict-with-guava=testCompileClasspath,testRuntimeClasspath
com.google.j2objc:j2objc-annotations:1.3=testCompileClasspath,testRuntimeClasspath
com.googlecode.java-diff-utils:diffutils:1.3.0=testCompileClasspath,testRuntimeClasspath
com.ibm.icu:icu4j:61.1=testCompileClasspath,testRuntimeClasspath
com.michael-bull.kotlin-result:kotlin-result-jvm:1.1.12=testCompileClasspath,testRuntimeClasspath
com.michael-bull.kotlin-result:kotlin-result:1.1.12=testCompileClasspath,testRuntimeClasspath
com.vladsch.flexmark:flexmark-ext-tables:0.62.2=testRuntimeClasspath
com.vladsch.flexmark:flexmark-util-ast:0.62.2=testRuntimeClasspath
com.vladsch.flexmark:flexmark-util-builder:0.62.2=testRuntimeClasspath
com.vladsch.flexmark:flexmark-util-collection:0.62.2=testRuntimeClasspath
com.vladsch.flexmark:flexmark-util-data:0.62.2=testRuntimeClasspath
com.vladsch.flexmark:flexmark-util-dependency:0.62.2=testRuntimeClasspath
com.vladsch.flexmark:flexmark-util-format:0.62.2=testRuntimeClasspath
com.vladsch.flexmark:flexmark-util-html:0.62.2=testRuntimeClasspath
com.vladsch.flexmark:flexmark-util-misc:0.62.2=testRuntimeClasspath
com.vladsch.flexmark:flexmark-util-options:0.62.2=testRuntimeClasspath
com.vladsch.flexmark:flexmark-util-sequence:0.62.2=testRuntimeClasspath
com.vladsch.flexmark:flexmark-util-visitor:0.62.2=testRuntimeClasspath
com.vladsch.flexmark:flexmark-util:0.62.2=testRuntimeClasspath
com.vladsch.flexmark:flexmark:0.62.2=testRuntimeClasspath
commons-codec:commons-codec:1.15=testCompileClasspath,testRuntimeClasspath
commons-io:commons-io:2.11.0=testCompileClasspath,testRuntimeClasspath
commons-logging:commons-logging:1.2=testCompileClasspath,testRuntimeClasspath
dk.brics.automaton:automaton:1.11-8=testRuntimeClasspath
io.github.classgraph:classgraph:4.8.105=testCompileClasspath,testRuntimeClasspath
io.github.microutils:kotlin-logging-jvm:2.0.10=testCompileClasspath,testRuntimeClasspath
io.github.microutils:kotlin-logging:2.0.10=testCompileClasspath,testRuntimeClasspath
io.ktor:ktor-http-jvm:1.3.1=testRuntimeClasspath
io.ktor:ktor-io-jvm:1.3.1=testRuntimeClasspath
io.ktor:ktor-utils-jvm:1.3.1=testRuntimeClasspath
io.projectreactor:reactor-core:3.4.18=testCompileClasspath,testRuntimeClasspath
javax.activation:activation:1.1=testRuntimeClasspath
javax.mail:mail:1.5.0-b01=testRuntimeClasspath
javax.servlet:javax.servlet-api:4.0.1=testCompileClasspath,testRuntimeClasspath
org.abego.treelayout:org.abego.treelayout.core:1.0.3=testCompileClasspath,testRuntimeClasspath
org.antlr:ST4:4.3=testCompileClasspath,testRuntimeClasspath
org.antlr:antlr-runtime:3.5.2=testCompileClasspath,testRuntimeClasspath
org.antlr:antlr4-runtime:4.9.2=testCompileClasspath,testRuntimeClasspath
org.antlr:antlr4:4.9.2=testCompileClasspath,testRuntimeClasspath
org.apache.commons:commons-collections4:4.1=testRuntimeClasspath
org.apache.commons:commons-lang3:3.12.0=testCompileClasspath,testRuntimeClasspath
org.apache.httpcomponents:fluent-hc:4.5.13=testRuntimeClasspath
org.apache.httpcomponents:httpclient:4.5.13=testCompileClasspath,testRuntimeClasspath
org.apache.httpcomponents:httpcore:4.4.15=testCompileClasspath,testRuntimeClasspath
org.apache.tika:tika-core:1.27=testRuntimeClasspath
org.apiguardian:apiguardian-api:1.1.2=testCompileClasspath
org.atteo:evo-inflector:1.2.2=testRuntimeClasspath
org.checkerframework:checker-qual:3.5.0=testCompileClasspath,testRuntimeClasspath
org.codehaus.groovy:groovy:3.0.10=testRuntimeClasspath
org.glassfish:javax.json:1.0.4=testCompileClasspath,testRuntimeClasspath
org.hamcrest:hamcrest:2.2=testCompileClasspath,testRuntimeClasspath
org.jacoco:org.jacoco.agent:0.8.7=jacocoAgent,jacocoAnt
org.jacoco:org.jacoco.ant:0.8.7=jacocoAnt
org.jacoco:org.jacoco.core:0.8.7=jacocoAnt
org.jacoco:org.jacoco.report:0.8.7=jacocoAnt
org.jetbrains.kotlin:kotlin-reflect:1.6.21=testRuntimeClasspath
org.jetbrains.kotlin:kotlin-stdlib-common:1.6.21=testRuntimeClasspath
org.jetbrains.kotlin:kotlin-stdlib-jdk7:1.6.21=testRuntimeClasspath
org.jetbrains.kotlin:kotlin-stdlib-jdk8:1.6.21=testRuntimeClasspath
org.jetbrains.kotlin:kotlin-stdlib:1.6.21=testRuntimeClasspath
org.jetbrains.kotlinx:atomicfu:0.14.1=testRuntimeClasspath
org.jetbrains.kotlinx:kotlinx-coroutines-core-common:1.3.3=testRuntimeClasspath
org.jetbrains.kotlinx:kotlinx-coroutines-core-jvm:1.5.2=testRuntimeClasspath
org.jetbrains.kotlinx:kotlinx-coroutines-core:1.5.2=testRuntimeClasspath
org.jetbrains:annotations:15.0=testRuntimeClasspath
org.junit.jupiter:junit-jupiter-api:5.8.2=testCompileClasspath,testRuntimeClasspath
org.junit.platform:junit-platform-commons:1.8.2=testCompileClasspath,testRuntimeClasspath
org.junit:junit-bom:5.8.2=testCompileClasspath,testRuntimeClasspath
org.opentest4j:opentest4j:1.2.0=testCompileClasspath,testRuntimeClasspath
org.ow2.asm:asm-analysis:9.1=jacocoAnt
org.ow2.asm:asm-commons:9.1=jacocoAnt
org.ow2.asm:asm-tree:9.1=jacocoAnt
org.ow2.asm:asm:9.1=jacocoAnt
org.reactivestreams:reactive-streams:1.0.3=testCompileClasspath,testRuntimeClasspath
org.slf4j:slf4j-api:1.7.36=testCompileClasspath,testRuntimeClasspath
org.springframework:spring-aop:5.3.20=testCompileClasspath,testRuntimeClasspath
org.springframework:spring-beans:5.3.20=testCompileClasspath,testRuntimeClasspath
org.springframework:spring-context:5.3.20=testCompileClasspath,testRuntimeClasspath
org.springframework:spring-core:5.3.20=testCompileClasspath,testRuntimeClasspath
org.springframework:spring-expression:5.3.20=testCompileClasspath,testRuntimeClasspath
org.springframework:spring-jcl:5.3.20=testCompileClasspath,testRuntimeClasspath
org.springframework:spring-test:5.3.20=testCompileClasspath,testRuntimeClasspath
org.springframework:spring-web:5.3.20=testCompileClasspath,testRuntimeClasspath
org.springframework:spring-webflux:5.3.20=testCompileClasspath,testRuntimeClasspath
xerces:xercesImpl:2.12.0=testRuntimeClasspath
xml-apis:xml-apis:1.4.01=testRuntimeClasspath
empty=annotationProcessor,archives,compileClasspath,default,developmentOnly,pitest,productionRuntimeClasspath,runtimeClasspath,testAnnotationProcessor
